{
  "requires": true,
  "lockfileVersion": 1,
  "dependencies": {
    "@dcloudio/webpack-uni-mp-loader": {
      "version": "2.0.0-23720191024001",
      "resolved": "https://registry.npmjs.org/@dcloudio/webpack-uni-mp-loader/-/webpack-uni-mp-loader-2.0.0-23720191024001.tgz",
      "integrity": "sha512-XwD7sSF8kkBwjabqR3LQj/HLw8tmU/8pZX+1c8WqazuDGaBNO3a7mxjxhUVlqr0+rqQ5MytfBm8L2GEiurSnCA=="
    },
    "lodash": {
      "version": "4.17.15",
      "resolved": "https://registry.npm.taobao.org/lodash/download/lodash-4.17.15.tgz?cache=0&other_urls=https%3A%2F%2Fregistry.npm.taobao.org%2Flodash%2Fdownload%2Flodash-4.17.15.tgz",
      "integrity": "sha1-tEf2ZwoEVbv+7dETku/zMOoJdUg="
    },
    "mpvue-picker": {
      "version": "2.1.6",
      "resolved": "https://registry.npmjs.org/mpvue-picker/-/mpvue-picker-2.1.6.tgz",
      "integrity": "sha512-qm4sAw8uFfwIl6CBSyKWij8OcAcLntag3acqeYJy4TgNjaANOrZMx8UaA9dY+NZOrLmFJL/rZwxWKd3rg3O7dA=="
    }
  }
}
